{
    "_meta": {
        "hash": {
            "sha256": "ed2a577f0f3a52879dff810495f53ac9e89fb62d2fb7fde9b4d49df64984ad0c"
        },
        "pipfile-spec": 6,
        "requires": {
            "python_version": "3.7"
        },
        "sources": [
            {
                "name": "pypi",
                "url": "https://pypi.org/simple",
                "verify_ssl": true
            }
        ]
    },
    "default": {
        "tabulate": {
            "hashes": [
                "sha256:8af07a39377cee1103a5c8b3330a421c2d99b9141e9cc5ddd2e3263fea416943",
                "sha256:9cb8658f92c8a3d58f216fc782e6a26f2665da0628301c56366d1c0a130c36b1"
            ],
            "index": "pypi",
            "version": "==0.8.3"
        }
    },
    "develop": {}
}
